// !$*UTF8*$!
{
	archiveVersion = 1;
	classes = {
	};
	objectVersion = 50;
	objects = {

/* Begin PBXBuildFile section */
		5E82DB0E12E21907A7832A9A /* Pods_IntervalTimer.framework in Frameworks */ = {isa = PBXBuildFile; fileRef = 8C4E6B741BF8F0397C9C9A5A /* Pods_IntervalTimer.framework */; };
		8C0B930A926E3E432C8BC0B6 /* Pods_IntervalTimerTests.framework in Frameworks */ = {isa = PBXBuildFile; fileRef = 91638E13016A43947EDF5E25 /* Pods_IntervalTimerTests.framework */; };
		A303134421EF8A6500AC1987 /* AppDelegate.swift in Sources */ = {isa = PBXBuildFile; fileRef = A303134321EF8A6500AC1987 /* AppDelegate.swift */; };
		A303134921EF8A6500AC1987 /* Main.storyboard in Resources */ = {isa = PBXBuildFile; fileRef = A303134721EF8A6500AC1987 /* Main.storyboard */; };
		A303134B21EF8A6500AC1987 /* Assets.xcassets in Resources */ = {isa = PBXBuildFile; fileRef = A303134A21EF8A6500AC1987 /* Assets.xcassets */; };
		A303134E21EF8A6500AC1987 /* LaunchScreen.storyboard in Resources */ = {isa = PBXBuildFile; fileRef = A303134C21EF8A6500AC1987 /* LaunchScreen.storyboard */; };
		A303136421EFD64A00AC1987 /* TimedIntervalTests.swift in Sources */ = {isa = PBXBuildFile; fileRef = A303136321EFD64A00AC1987 /* TimedIntervalTests.swift */; };
		A303136A21EFD6C800AC1987 /* TimedInterval.swift in Sources */ = {isa = PBXBuildFile; fileRef = A303136921EFD6C800AC1987 /* TimedInterval.swift */; };
		A303136C21EFDE9300AC1987 /* QuickLogViewController.swift in Sources */ = {isa = PBXBuildFile; fileRef = A303136B21EFDE9300AC1987 /* QuickLogViewController.swift */; };
		A303136F21EFDF1D00AC1987 /* QuickLogViewControllerTests.swift in Sources */ = {isa = PBXBuildFile; fileRef = A303136E21EFDF1D00AC1987 /* QuickLogViewControllerTests.swift */; };
		A303137121EFE77300AC1987 /* ActivityTests.swift in Sources */ = {isa = PBXBuildFile; fileRef = A303137021EFE77300AC1987 /* ActivityTests.swift */; };
		A303137321EFE7C900AC1987 /* Activity.swift in Sources */ = {isa = PBXBuildFile; fileRef = A303137221EFE7C900AC1987 /* Activity.swift */; };
		A341F6712201F87700214B35 /* DataEntryUIView.swift in Sources */ = {isa = PBXBuildFile; fileRef = A341F6702201F87700214B35 /* DataEntryUIView.swift */; };
		A341F673220208A500214B35 /* QuickLogScrollView.swift in Sources */ = {isa = PBXBuildFile; fileRef = A341F672220208A500214B35 /* QuickLogScrollView.swift */; };
		A341F675220221D900214B35 /* QuickLogScrollViewTests.swift in Sources */ = {isa = PBXBuildFile; fileRef = A341F674220221D900214B35 /* QuickLogScrollViewTests.swift */; };
		A3DA483F2203B938007706C1 /* TimerControlUIView.swift in Sources */ = {isa = PBXBuildFile; fileRef = A3DA483E2203B938007706C1 /* TimerControlUIView.swift */; };
		A3DA48412203BA07007706C1 /* TimerControlViewTests.swift in Sources */ = {isa = PBXBuildFile; fileRef = A3DA48402203BA07007706C1 /* TimerControlViewTests.swift */; };
		A3F9BA9E21F4127F0001CED5 /* DataEntryTextField.swift in Sources */ = {isa = PBXBuildFile; fileRef = A3F9BA9D21F4127F0001CED5 /* DataEntryTextField.swift */; };
/* End PBXBuildFile section */

/* Begin PBXContainerItemProxy section */
		A303135521EF8A6600AC1987 /* PBXContainerItemProxy */ = {
			isa = PBXContainerItemProxy;
			containerPortal = A303133821EF8A6500AC1987 /* Project object */;
			proxyType = 1;
			remoteGlobalIDString = A303133F21EF8A6500AC1987;
			remoteInfo = IntervalTimer;
		};
/* End PBXContainerItemProxy section */

/* Begin PBXFileReference section */
		22F71E6E7A04FCAC2183C9F3 /* Pods-IntervalTimerTests.release.xcconfig */ = {isa = PBXFileReference; includeInIndex = 1; lastKnownFileType = text.xcconfig; name = "Pods-IntervalTimerTests.release.xcconfig"; path = "Pods/Target Support Files/Pods-IntervalTimerTests/Pods-IntervalTimerTests.release.xcconfig"; sourceTree = "<group>"; };
		8335A84502A25228287B251E /* Pods-IntervalTimer.debug.xcconfig */ = {isa = PBXFileReference; includeInIndex = 1; lastKnownFileType = text.xcconfig; name = "Pods-IntervalTimer.debug.xcconfig"; path = "Pods/Target Support Files/Pods-IntervalTimer/Pods-IntervalTimer.debug.xcconfig"; sourceTree = "<group>"; };
		839AC15503DCC48C179DCD75 /* Pods-IntervalTimer.release.xcconfig */ = {isa = PBXFileReference; includeInIndex = 1; lastKnownFileType = text.xcconfig; name = "Pods-IntervalTimer.release.xcconfig"; path = "Pods/Target Support Files/Pods-IntervalTimer/Pods-IntervalTimer.release.xcconfig"; sourceTree = "<group>"; };
		8C4E6B741BF8F0397C9C9A5A /* Pods_IntervalTimer.framework */ = {isa = PBXFileReference; explicitFileType = wrapper.framework; includeInIndex = 0; path = Pods_IntervalTimer.framework; sourceTree = BUILT_PRODUCTS_DIR; };
		91638E13016A43947EDF5E25 /* Pods_IntervalTimerTests.framework */ = {isa = PBXFileReference; explicitFileType = wrapper.framework; includeInIndex = 0; path = Pods_IntervalTimerTests.framework; sourceTree = BUILT_PRODUCTS_DIR; };
		A303134021EF8A6500AC1987 /* IntervalTimer.app */ = {isa = PBXFileReference; explicitFileType = wrapper.application; includeInIndex = 0; path = IntervalTimer.app; sourceTree = BUILT_PRODUCTS_DIR; };
		A303134321EF8A6500AC1987 /* AppDelegate.swift */ = {isa = PBXFileReference; lastKnownFileType = sourcecode.swift; path = AppDelegate.swift; sourceTree = "<group>"; };
		A303134821EF8A6500AC1987 /* Base */ = {isa = PBXFileReference; lastKnownFileType = file.storyboard; name = Base; path = Base.lproj/Main.storyboard; sourceTree = "<group>"; };
		A303134A21EF8A6500AC1987 /* Assets.xcassets */ = {isa = PBXFileReference; lastKnownFileType = folder.assetcatalog; path = Assets.xcassets; sourceTree = "<group>"; };
		A303134D21EF8A6500AC1987 /* Base */ = {isa = PBXFileReference; lastKnownFileType = file.storyboard; name = Base; path = Base.lproj/LaunchScreen.storyboard; sourceTree = "<group>"; };
		A303134F21EF8A6500AC1987 /* Info.plist */ = {isa = PBXFileReference; lastKnownFileType = text.plist.xml; path = Info.plist; sourceTree = "<group>"; };
		A303135421EF8A6600AC1987 /* IntervalTimerTests.xctest */ = {isa = PBXFileReference; explicitFileType = wrapper.cfbundle; includeInIndex = 0; path = IntervalTimerTests.xctest; sourceTree = BUILT_PRODUCTS_DIR; };
		A303135A21EF8A6600AC1987 /* Info.plist */ = {isa = PBXFileReference; lastKnownFileType = text.plist.xml; path = Info.plist; sourceTree = "<group>"; };
		A303136321EFD64A00AC1987 /* TimedIntervalTests.swift */ = {isa = PBXFileReference; lastKnownFileType = sourcecode.swift; path = TimedIntervalTests.swift; sourceTree = "<group>"; };
		A303136921EFD6C800AC1987 /* TimedInterval.swift */ = {isa = PBXFileReference; lastKnownFileType = sourcecode.swift; path = TimedInterval.swift; sourceTree = "<group>"; };
		A303136B21EFDE9300AC1987 /* QuickLogViewController.swift */ = {isa = PBXFileReference; lastKnownFileType = sourcecode.swift; path = QuickLogViewController.swift; sourceTree = "<group>"; };
		A303136E21EFDF1D00AC1987 /* QuickLogViewControllerTests.swift */ = {isa = PBXFileReference; lastKnownFileType = sourcecode.swift; path = QuickLogViewControllerTests.swift; sourceTree = "<group>"; };
		A303137021EFE77300AC1987 /* ActivityTests.swift */ = {isa = PBXFileReference; lastKnownFileType = sourcecode.swift; path = ActivityTests.swift; sourceTree = "<group>"; };
		A303137221EFE7C900AC1987 /* Activity.swift */ = {isa = PBXFileReference; lastKnownFileType = sourcecode.swift; path = Activity.swift; sourceTree = "<group>"; };
		A341F6702201F87700214B35 /* DataEntryUIView.swift */ = {isa = PBXFileReference; lastKnownFileType = sourcecode.swift; path = DataEntryUIView.swift; sourceTree = "<group>"; };
		A341F672220208A500214B35 /* QuickLogScrollView.swift */ = {isa = PBXFileReference; lastKnownFileType = sourcecode.swift; path = QuickLogScrollView.swift; sourceTree = "<group>"; };
		A341F674220221D900214B35 /* QuickLogScrollViewTests.swift */ = {isa = PBXFileReference; lastKnownFileType = sourcecode.swift; path = QuickLogScrollViewTests.swift; sourceTree = "<group>"; };
		A3DA483E2203B938007706C1 /* TimerControlUIView.swift */ = {isa = PBXFileReference; lastKnownFileType = sourcecode.swift; path = TimerControlUIView.swift; sourceTree = "<group>"; };
		A3DA48402203BA07007706C1 /* TimerControlViewTests.swift */ = {isa = PBXFileReference; lastKnownFileType = sourcecode.swift; path = TimerControlViewTests.swift; sourceTree = "<group>"; };
		A3F9BA9D21F4127F0001CED5 /* DataEntryTextField.swift */ = {isa = PBXFileReference; lastKnownFileType = sourcecode.swift; path = DataEntryTextField.swift; sourceTree = "<group>"; };
		AB9004FCD0A9A2F12CDF8283 /* Pods-IntervalTimerTests.debug.xcconfig */ = {isa = PBXFileReference; includeInIndex = 1; lastKnownFileType = text.xcconfig; name = "Pods-IntervalTimerTests.debug.xcconfig"; path = "Pods/Target Support Files/Pods-IntervalTimerTests/Pods-IntervalTimerTests.debug.xcconfig"; sourceTree = "<group>"; };
/* End PBXFileReference section */

/* Begin PBXFrameworksBuildPhase section */
		A303133D21EF8A6500AC1987 /* Frameworks */ = {
			isa = PBXFrameworksBuildPhase;
			buildActionMask = 2147483647;
			files = (
				5E82DB0E12E21907A7832A9A /* Pods_IntervalTimer.framework in Frameworks */,
			);
			runOnlyForDeploymentPostprocessing = 0;
		};
		A303135121EF8A6600AC1987 /* Frameworks */ = {
			isa = PBXFrameworksBuildPhase;
			buildActionMask = 2147483647;
			files = (
				8C0B930A926E3E432C8BC0B6 /* Pods_IntervalTimerTests.framework in Frameworks */,
			);
			runOnlyForDeploymentPostprocessing = 0;
		};
/* End PBXFrameworksBuildPhase section */

/* Begin PBXGroup section */
		8D70A1705C0D1F101CD22673 /* Frameworks */ = {
			isa = PBXGroup;
			children = (
				8C4E6B741BF8F0397C9C9A5A /* Pods_IntervalTimer.framework */,
				91638E13016A43947EDF5E25 /* Pods_IntervalTimerTests.framework */,
			);
			name = Frameworks;
			sourceTree = "<group>";
		};
		A303133721EF8A6500AC1987 = {
			isa = PBXGroup;
			children = (
				A303134221EF8A6500AC1987 /* IntervalTimer */,
				A303135721EF8A6600AC1987 /* IntervalTimerTests */,
				A303134121EF8A6500AC1987 /* Products */,
				E421CC46BFCE7FA34C99105C /* Pods */,
				8D70A1705C0D1F101CD22673 /* Frameworks */,
			);
			sourceTree = "<group>";
		};
		A303134121EF8A6500AC1987 /* Products */ = {
			isa = PBXGroup;
			children = (
				A303134021EF8A6500AC1987 /* IntervalTimer.app */,
				A303135421EF8A6600AC1987 /* IntervalTimerTests.xctest */,
			);
			name = Products;
			sourceTree = "<group>";
		};
		A303134221EF8A6500AC1987 /* IntervalTimer */ = {
			isa = PBXGroup;
			children = (
				A303134321EF8A6500AC1987 /* AppDelegate.swift */,
				A303136621EFD67700AC1987 /* Model */,
				A303136721EFD67B00AC1987 /* View */,
				A303136821EFD67F00AC1987 /* Controller */,
				A303134721EF8A6500AC1987 /* Main.storyboard */,
				A303134A21EF8A6500AC1987 /* Assets.xcassets */,
				A303134C21EF8A6500AC1987 /* LaunchScreen.storyboard */,
				A303134F21EF8A6500AC1987 /* Info.plist */,
			);
			path = IntervalTimer;
			sourceTree = "<group>";
		};
		A303135721EF8A6600AC1987 /* IntervalTimerTests */ = {
			isa = PBXGroup;
			children = (
				A303136521EFD66F00AC1987 /* Model */,
				A303136D21EFDF0D00AC1987 /* Controller */,
				A303135A21EF8A6600AC1987 /* Info.plist */,
				A341F676220221DF00214B35 /* View */,
			);
			path = IntervalTimerTests;
			sourceTree = "<group>";
		};
		A303136521EFD66F00AC1987 /* Model */ = {
			isa = PBXGroup;
			children = (
				A303136321EFD64A00AC1987 /* TimedIntervalTests.swift */,
				A303137021EFE77300AC1987 /* ActivityTests.swift */,
			);
			path = Model;
			sourceTree = "<group>";
		};
		A303136621EFD67700AC1987 /* Model */ = {
			isa = PBXGroup;
			children = (
				A303136921EFD6C800AC1987 /* TimedInterval.swift */,
				A303137221EFE7C900AC1987 /* Activity.swift */,
				A3F9BA9D21F4127F0001CED5 /* DataEntryTextField.swift */,
			);
			path = Model;
			sourceTree = "<group>";
		};
		A303136721EFD67B00AC1987 /* View */ = {
			isa = PBXGroup;
			children = (
				A341F6702201F87700214B35 /* DataEntryUIView.swift */,
				A341F672220208A500214B35 /* QuickLogScrollView.swift */,
				A3DA483E2203B938007706C1 /* TimerControlUIView.swift */,
			);
			path = View;
			sourceTree = "<group>";
		};
		A303136821EFD67F00AC1987 /* Controller */ = {
			isa = PBXGroup;
			children = (
				A303136B21EFDE9300AC1987 /* QuickLogViewController.swift */,
			);
			path = Controller;
			sourceTree = "<group>";
		};
		A303136D21EFDF0D00AC1987 /* Controller */ = {
			isa = PBXGroup;
			children = (
				A303136E21EFDF1D00AC1987 /* QuickLogViewControllerTests.swift */,
			);
			path = Controller;
			sourceTree = "<group>";
		};
		A341F676220221DF00214B35 /* View */ = {
			isa = PBXGroup;
			children = (
				A341F674220221D900214B35 /* QuickLogScrollViewTests.swift */,
				A3DA48402203BA07007706C1 /* TimerControlViewTests.swift */,
			);
			path = View;
			sourceTree = "<group>";
		};
		E421CC46BFCE7FA34C99105C /* Pods */ = {
			isa = PBXGroup;
			children = (
				8335A84502A25228287B251E /* Pods-IntervalTimer.debug.xcconfig */,
				839AC15503DCC48C179DCD75 /* Pods-IntervalTimer.release.xcconfig */,
				AB9004FCD0A9A2F12CDF8283 /* Pods-IntervalTimerTests.debug.xcconfig */,
				22F71E6E7A04FCAC2183C9F3 /* Pods-IntervalTimerTests.release.xcconfig */,
			);
			name = Pods;
			sourceTree = "<group>";
		};
/* End PBXGroup section */

/* Begin PBXNativeTarget section */
		A303133F21EF8A6500AC1987 /* IntervalTimer */ = {
			isa = PBXNativeTarget;
			buildConfigurationList = A303135D21EF8A6600AC1987 /* Build configuration list for PBXNativeTarget "IntervalTimer" */;
			buildPhases = (
				ECB134A6B0F66F813B3900E9 /* [CP] Check Pods Manifest.lock */,
				A303133C21EF8A6500AC1987 /* Sources */,
				A303133D21EF8A6500AC1987 /* Frameworks */,
				A303133E21EF8A6500AC1987 /* Resources */,
				39671196FB0EADBB80BC72C8 /* [CP] Embed Pods Frameworks */,
			);
			buildRules = (
			);
			dependencies = (
			);
			name = IntervalTimer;
			productName = IntervalTimer;
			productReference = A303134021EF8A6500AC1987 /* IntervalTimer.app */;
			productType = "com.apple.product-type.application";
		};
		A303135321EF8A6600AC1987 /* IntervalTimerTests */ = {
			isa = PBXNativeTarget;
			buildConfigurationList = A303136021EF8A6600AC1987 /* Build configuration list for PBXNativeTarget "IntervalTimerTests" */;
			buildPhases = (
				919CD3B4C02E32D929B57542 /* [CP] Check Pods Manifest.lock */,
				A303135021EF8A6600AC1987 /* Sources */,
				A303135121EF8A6600AC1987 /* Frameworks */,
				A303135221EF8A6600AC1987 /* Resources */,
			);
			buildRules = (
			);
			dependencies = (
				A303135621EF8A6600AC1987 /* PBXTargetDependency */,
			);
			name = IntervalTimerTests;
			productName = IntervalTimerTests;
			productReference = A303135421EF8A6600AC1987 /* IntervalTimerTests.xctest */;
			productType = "com.apple.product-type.bundle.unit-test";
		};
/* End PBXNativeTarget section */

/* Begin PBXProject section */
		A303133821EF8A6500AC1987 /* Project object */ = {
			isa = PBXProject;
			attributes = {
				LastSwiftUpdateCheck = 1000;
				LastUpgradeCheck = 1000;
				ORGANIZATIONNAME = "Vanessa Flores";
				TargetAttributes = {
					A303133F21EF8A6500AC1987 = {
						CreatedOnToolsVersion = 10.0;
					};
					A303135321EF8A6600AC1987 = {
						CreatedOnToolsVersion = 10.0;
						TestTargetID = A303133F21EF8A6500AC1987;
					};
				};
			};
			buildConfigurationList = A303133B21EF8A6500AC1987 /* Build configuration list for PBXProject "IntervalTimer" */;
			compatibilityVersion = "Xcode 9.3";
			developmentRegion = en;
			hasScannedForEncodings = 0;
			knownRegions = (
				en,
				Base,
			);
			mainGroup = A303133721EF8A6500AC1987;
			productRefGroup = A303134121EF8A6500AC1987 /* Products */;
			projectDirPath = "";
			projectRoot = "";
			targets = (
				A303133F21EF8A6500AC1987 /* IntervalTimer */,
				A303135321EF8A6600AC1987 /* IntervalTimerTests */,
			);
		};
/* End PBXProject section */

/* Begin PBXResourcesBuildPhase section */
		A303133E21EF8A6500AC1987 /* Resources */ = {
			isa = PBXResourcesBuildPhase;
			buildActionMask = 2147483647;
			files = (
				A303134E21EF8A6500AC1987 /* LaunchScreen.storyboard in Resources */,
				A303134B21EF8A6500AC1987 /* Assets.xcassets in Resources */,
				A303134921EF8A6500AC1987 /* Main.storyboard in Resources */,
			);
			runOnlyForDeploymentPostprocessing = 0;
		};
		A303135221EF8A6600AC1987 /* Resources */ = {
			isa = PBXResourcesBuildPhase;
			buildActionMask = 2147483647;
			files = (
			);
			runOnlyForDeploymentPostprocessing = 0;
		};
/* End PBXResourcesBuildPhase section */

/* Begin PBXShellScriptBuildPhase section */
		39671196FB0EADBB80BC72C8 /* [CP] Embed Pods Frameworks */ = {
			isa = PBXShellScriptBuildPhase;
			buildActionMask = 2147483647;
			files = (
			);
			inputPaths = (
				"${SRCROOT}/Pods/Target Support Files/Pods-IntervalTimer/Pods-IntervalTimer-frameworks.sh",
				"${BUILT_PRODUCTS_DIR}/Realm/Realm.framework",
				"${BUILT_PRODUCTS_DIR}/RealmSwift/RealmSwift.framework",
			);
			name = "[CP] Embed Pods Frameworks";
			outputPaths = (
				"${TARGET_BUILD_DIR}/${FRAMEWORKS_FOLDER_PATH}/Realm.framework",
				"${TARGET_BUILD_DIR}/${FRAMEWORKS_FOLDER_PATH}/RealmSwift.framework",
			);
			runOnlyForDeploymentPostprocessing = 0;
			shellPath = /bin/sh;
			shellScript = "\"${SRCROOT}/Pods/Target Support Files/Pods-IntervalTimer/Pods-IntervalTimer-frameworks.sh\"\n";
			showEnvVarsInLog = 0;
		};
		919CD3B4C02E32D929B57542 /* [CP] Check Pods Manifest.lock */ = {
			isa = PBXShellScriptBuildPhase;
			buildActionMask = 2147483647;
			files = (
			);
			inputPaths = (
				"${PODS_PODFILE_DIR_PATH}/Podfile.lock",
				"${PODS_ROOT}/Manifest.lock",
			);
			name = "[CP] Check Pods Manifest.lock";
			outputPaths = (
				"$(DERIVED_FILE_DIR)/Pods-IntervalTimerTests-checkManifestLockResult.txt",
			);
			runOnlyForDeploymentPostprocessing = 0;
			shellPath = /bin/sh;
			shellScript = "diff \"${PODS_PODFILE_DIR_PATH}/Podfile.lock\" \"${PODS_ROOT}/Manifest.lock\" > /dev/null\nif [ $? != 0 ] ; then\n    # print error to STDERR\n    echo \"error: The sandbox is not in sync with the Podfile.lock. Run 'pod install' or update your CocoaPods installation.\" >&2\n    exit 1\nfi\n# This output is used by Xcode 'outputs' to avoid re-running this script phase.\necho \"SUCCESS\" > \"${SCRIPT_OUTPUT_FILE_0}\"\n";
			showEnvVarsInLog = 0;
		};
		ECB134A6B0F66F813B3900E9 /* [CP] Check Pods Manifest.lock */ = {
			isa = PBXShellScriptBuildPhase;
			buildActionMask = 2147483647;
			files = (
			);
			inputPaths = (
				"${PODS_PODFILE_DIR_PATH}/Podfile.lock",
				"${PODS_ROOT}/Manifest.lock",
			);
			name = "[CP] Check Pods Manifest.lock";
			outputPaths = (
				"$(DERIVED_FILE_DIR)/Pods-IntervalTimer-checkManifestLockResult.txt",
			);
			runOnlyForDeploymentPostprocessing = 0;
			shellPath = /bin/sh;
			shellScript = "diff \"${PODS_PODFILE_DIR_PATH}/Podfile.lock\" \"${PODS_ROOT}/Manifest.lock\" > /dev/null\nif [ $? != 0 ] ; then\n    # print error to STDERR\n    echo \"error: The sandbox is not in sync with the Podfile.lock. Run 'pod install' or update your CocoaPods installation.\" >&2\n    exit 1\nfi\n# This output is used by Xcode 'outputs' to avoid re-running this script phase.\necho \"SUCCESS\" > \"${SCRIPT_OUTPUT_FILE_0}\"\n";
			showEnvVarsInLog = 0;
		};
/* End PBXShellScriptBuildPhase section */

/* Begin PBXSourcesBuildPhase section */
		A303133C21EF8A6500AC1987 /* Sources */ = {
			isa = PBXSourcesBuildPhase;
			buildActionMask = 2147483647;
			files = (
				A303136A21EFD6C800AC1987 /* TimedInterval.swift in Sources */,
				A341F6712201F87700214B35 /* DataEntryUIView.swift in Sources */,
				A303134421EF8A6500AC1987 /* AppDelegate.swift in Sources */,
				A303137321EFE7C900AC1987 /* Activity.swift in Sources */,
				A341F673220208A500214B35 /* QuickLogScrollView.swift in Sources */,
				A3F9BA9E21F4127F0001CED5 /* DataEntryTextField.swift in Sources */,
				A3DA483F2203B938007706C1 /* TimerControlUIView.swift in Sources */,
				A303136C21EFDE9300AC1987 /* QuickLogViewController.swift in Sources */,
			);
			runOnlyForDeploymentPostprocessing = 0;
		};
		A303135021EF8A6600AC1987 /* Sources */ = {
			isa = PBXSourcesBuildPhase;
			buildActionMask = 2147483647;
			files = (
				A341F675220221D900214B35 /* QuickLogScrollViewTests.swift in Sources */,
				A3DA48412203BA07007706C1 /* TimerControlViewTests.swift in Sources */,
				A303136421EFD64A00AC1987 /* TimedIntervalTests.swift in Sources */,
				A303137121EFE77300AC1987 /* ActivityTests.swift in Sources */,
				A303136F21EFDF1D00AC1987 /* QuickLogViewControllerTests.swift in Sources */,
			);
			runOnlyForDeploymentPostprocessing = 0;
		};
/* End PBXSourcesBuildPhase section */

/* Begin PBXTargetDependency section */
		A303135621EF8A6600AC1987 /* PBXTargetDependency */ = {
			isa = PBXTargetDependency;
			target = A303133F21EF8A6500AC1987 /* IntervalTimer */;
			targetProxy = A303135521EF8A6600AC1987 /* PBXContainerItemProxy */;
		};
/* End PBXTargetDependency section */

/* Begin PBXVariantGroup section */
		A303134721EF8A6500AC1987 /* Main.storyboard */ = {
			isa = PBXVariantGroup;
			children = (
				A303134821EF8A6500AC1987 /* Base */,
			);
			name = Main.storyboard;
			sourceTree = "<group>";
		};
		A303134C21EF8A6500AC1987 /* LaunchScreen.storyboard */ = {
			isa = PBXVariantGroup;
			children = (
				A303134D21EF8A6500AC1987 /* Base */,
			);
			name = LaunchScreen.storyboard;
			sourceTree = "<group>";
		};
/* End PBXVariantGroup section */

/* Begin XCBuildConfiguration section */
		A303135B21EF8A6600AC1987 /* Debug */ = {
			isa = XCBuildConfiguration;
			buildSettings = {
				ALWAYS_SEARCH_USER_PATHS = NO;
				CLANG_ANALYZER_NONNULL = YES;
				CLANG_ANALYZER_NUMBER_OBJECT_CONVERSION = YES_AGGRESSIVE;
				CLANG_CXX_LANGUAGE_STANDARD = "gnu++14";
				CLANG_CXX_LIBRARY = "libc++";
				CLANG_ENABLE_MODULES = YES;
				CLANG_ENABLE_OBJC_ARC = YES;
				CLANG_ENABLE_OBJC_WEAK = YES;
				CLANG_WARN_BLOCK_CAPTURE_AUTORELEASING = YES;
				CLANG_WARN_BOOL_CONVERSION = YES;
				CLANG_WARN_COMMA = YES;
				CLANG_WARN_CONSTANT_CONVERSION = YES;
				CLANG_WARN_DEPRECATED_OBJC_IMPLEMENTATIONS = YES;
				CLANG_WARN_DIRECT_OBJC_ISA_USAGE = YES_ERROR;
				CLANG_WARN_DOCUMENTATION_COMMENTS = YES;
				CLANG_WARN_EMPTY_BODY = YES;
				CLANG_WARN_ENUM_CONVERSION = YES;
				CLANG_WARN_INFINITE_RECURSION = YES;
				CLANG_WARN_INT_CONVERSION = YES;
				CLANG_WARN_NON_LITERAL_NULL_CONVERSION = YES;
				CLANG_WARN_OBJC_IMPLICIT_RETAIN_SELF = YES;
				CLANG_WARN_OBJC_LITERAL_CONVERSION = YES;
				CLANG_WARN_OBJC_ROOT_CLASS = YES_ERROR;
				CLANG_WARN_RANGE_LOOP_ANALYSIS = YES;
				CLANG_WARN_STRICT_PROTOTYPES = YES;
				CLANG_WARN_SUSPICIOUS_MOVE = YES;
				CLANG_WARN_UNGUARDED_AVAILABILITY = YES_AGGRESSIVE;
				CLANG_WARN_UNREACHABLE_CODE = YES;
				CLANG_WARN__DUPLICATE_METHOD_MATCH = YES;
				CODE_SIGN_IDENTITY = "iPhone Developer";
				COPY_PHASE_STRIP = NO;
				DEBUG_INFORMATION_FORMAT = dwarf;
				ENABLE_STRICT_OBJC_MSGSEND = YES;
				ENABLE_TESTABILITY = YES;
				GCC_C_LANGUAGE_STANDARD = gnu11;
				GCC_DYNAMIC_NO_PIC = NO;
				GCC_NO_COMMON_BLOCKS = YES;
				GCC_OPTIMIZATION_LEVEL = 0;
				GCC_PREPROCESSOR_DEFINITIONS = (
					"DEBUG=1",
					"$(inherited)",
				);
				GCC_WARN_64_TO_32_BIT_CONVERSION = YES;
				GCC_WARN_ABOUT_RETURN_TYPE = YES_ERROR;
				GCC_WARN_UNDECLARED_SELECTOR = YES;
				GCC_WARN_UNINITIALIZED_AUTOS = YES_AGGRESSIVE;
				GCC_WARN_UNUSED_FUNCTION = YES;
				GCC_WARN_UNUSED_VARIABLE = YES;
				IPHONEOS_DEPLOYMENT_TARGET = 12.0;
				MTL_ENABLE_DEBUG_INFO = INCLUDE_SOURCE;
				MTL_FAST_MATH = YES;
				ONLY_ACTIVE_ARCH = YES;
				SDKROOT = iphoneos;
				SWIFT_ACTIVE_COMPILATION_CONDITIONS = DEBUG;
				SWIFT_OPTIMIZATION_LEVEL = "-Onone";
			};
			name = Debug;
		};
		A303135C21EF8A6600AC1987 /* Release */ = {
			isa = XCBuildConfiguration;
			buildSettings = {
				ALWAYS_SEARCH_USER_PATHS = NO;
				CLANG_ANALYZER_NONNULL = YES;
				CLANG_ANALYZER_NUMBER_OBJECT_CONVERSION = YES_AGGRESSIVE;
				CLANG_CXX_LANGUAGE_STANDARD = "gnu++14";
				CLANG_CXX_LIBRARY = "libc++";
				CLANG_ENABLE_MODULES = YES;
				CLANG_ENABLE_OBJC_ARC = YES;
				CLANG_ENABLE_OBJC_WEAK = YES;
				CLANG_WARN_BLOCK_CAPTURE_AUTORELEASING = YES;
				CLANG_WARN_BOOL_CONVERSION = YES;
				CLANG_WARN_COMMA = YES;
				CLANG_WARN_CONSTANT_CONVERSION = YES;
				CLANG_WARN_DEPRECATED_OBJC_IMPLEMENTATIONS = YES;
				CLANG_WARN_DIRECT_OBJC_ISA_USAGE = YES_ERROR;
				CLANG_WARN_DOCUMENTATION_COMMENTS = YES;
				CLANG_WARN_EMPTY_BODY = YES;
				CLANG_WARN_ENUM_CONVERSION = YES;
				CLANG_WARN_INFINITE_RECURSION = YES;
				CLANG_WARN_INT_CONVERSION = YES;
				CLANG_WARN_NON_LITERAL_NULL_CONVERSION = YES;
				CLANG_WARN_OBJC_IMPLICIT_RETAIN_SELF = YES;
				CLANG_WARN_OBJC_LITERAL_CONVERSION = YES;
				CLANG_WARN_OBJC_ROOT_CLASS = YES_ERROR;
				CLANG_WARN_RANGE_LOOP_ANALYSIS = YES;
				CLANG_WARN_STRICT_PROTOTYPES = YES;
				CLANG_WARN_SUSPICIOUS_MOVE = YES;
				CLANG_WARN_UNGUARDED_AVAILABILITY = YES_AGGRESSIVE;
				CLANG_WARN_UNREACHABLE_CODE = YES;
				CLANG_WARN__DUPLICATE_METHOD_MATCH = YES;
				CODE_SIGN_IDENTITY = "iPhone Developer";
				COPY_PHASE_STRIP = NO;
				DEBUG_INFORMATION_FORMAT = "dwarf-with-dsym";
				ENABLE_NS_ASSERTIONS = NO;
				ENABLE_STRICT_OBJC_MSGSEND = YES;
				GCC_C_LANGUAGE_STANDARD = gnu11;
				GCC_NO_COMMON_BLOCKS = YES;
				GCC_WARN_64_TO_32_BIT_CONVERSION = YES;
				GCC_WARN_ABOUT_RETURN_TYPE = YES_ERROR;
				GCC_WARN_UNDECLARED_SELECTOR = YES;
				GCC_WARN_UNINITIALIZED_AUTOS = YES_AGGRESSIVE;
				GCC_WARN_UNUSED_FUNCTION = YES;
				GCC_WARN_UNUSED_VARIABLE = YES;
				IPHONEOS_DEPLOYMENT_TARGET = 12.0;
				MTL_ENABLE_DEBUG_INFO = NO;
				MTL_FAST_MATH = YES;
				SDKROOT = iphoneos;
				SWIFT_COMPILATION_MODE = wholemodule;
				SWIFT_OPTIMIZATION_LEVEL = "-O";
				VALIDATE_PRODUCT = YES;
			};
			name = Release;
		};
		A303135E21EF8A6600AC1987 /* Debug */ = {
			isa = XCBuildConfiguration;
			baseConfigurationReference = 8335A84502A25228287B251E /* Pods-IntervalTimer.debug.xcconfig */;
			buildSettings = {
				ASSETCATALOG_COMPILER_APPICON_NAME = AppIcon;
				CODE_SIGN_STYLE = Automatic;
				DEVELOPMENT_TEAM = J3YLCP7U59;
				INFOPLIST_FILE = IntervalTimer/Info.plist;
				IPHONEOS_DEPLOYMENT_TARGET = 11.0;
				LD_RUNPATH_SEARCH_PATHS = (
					"$(inherited)",
					"@executable_path/Frameworks",
				);
				PRODUCT_BUNDLE_IDENTIFIER = com.vanessaflores.IntervalTimer;
				PRODUCT_NAME = "$(TARGET_NAME)";
				SWIFT_VERSION = 4.2;
				TARGETED_DEVICE_FAMILY = 1;
			};
			name = Debug;
		};
		A303135F21EF8A6600AC1987 /* Release */ = {
			isa = XCBuildConfiguration;
			baseConfigurationReference = 839AC15503DCC48C179DCD75 /* Pods-IntervalTimer.release.xcconfig */;
			buildSettings = {
				ASSETCATALOG_COMPILER_APPICON_NAME = AppIcon;
				CODE_SIGN_STYLE = Automatic;
				DEVELOPMENT_TEAM = J3YLCP7U59;
				INFOPLIST_FILE = IntervalTimer/Info.plist;
				IPHONEOS_DEPLOYMENT_TARGET = 11.0;
				LD_RUNPATH_SEARCH_PATHS = (
					"$(inherited)",
					"@executable_path/Frameworks",
				);
				PRODUCT_BUNDLE_IDENTIFIER = com.vanessaflores.IntervalTimer;
				PRODUCT_NAME = "$(TARGET_NAME)";
				SWIFT_VERSION = 4.2;
				TARGETED_DEVICE_FAMILY = 1;
			};
			name = Release;
		};
		A303136121EF8A6600AC1987 /* Debug */ = {
			isa = XCBuildConfiguration;
			baseConfigurationReference = AB9004FCD0A9A2F12CDF8283 /* Pods-IntervalTimerTests.debug.xcconfig */;
			buildSettings = {
				ALWAYS_EMBED_SWIFT_STANDARD_LIBRARIES = YES;
				BUNDLE_LOADER = "$(TEST_HOST)";
				CODE_SIGN_STYLE = Automatic;
				DEVELOPMENT_TEAM = J3YLCP7U59;
				INFOPLIST_FILE = IntervalTimerTests/Info.plist;
				LD_RUNPATH_SEARCH_PATHS = (
					"$(inherited)",
					"@executable_path/Frameworks",
					"@loader_path/Frameworks",
				);
				PRODUCT_BUNDLE_IDENTIFIER = com.vanessaflores.IntervalTimerTests;
				PRODUCT_NAME = "$(TARGET_NAME)";
				SWIFT_VERSION = 4.2;
				TARGETED_DEVICE_FAMILY = "1,2";
				TEST_HOST = "$(BUILT_PRODUCTS_DIR)/IntervalTimer.app/IntervalTimer";
			};
			name = Debug;
		};
		A303136221EF8A6600AC1987 /* Release */ = {
			isa = XCBuildConfiguration;
			baseConfigurationReference = 22F71E6E7A04FCAC2183C9F3 /* Pods-IntervalTimerTests.release.xcconfig */;
			buildSettings = {
				ALWAYS_EMBED_SWIFT_STANDARD_LIBRARIES = YES;
				BUNDLE_LOADER = "$(TEST_HOST)";
				CODE_SIGN_STYLE = Automatic;
				DEVELOPMENT_TEAM = J3YLCP7U59;
				INFOPLIST_FILE = IntervalTimerTests/Info.plist;
				LD_RUNPATH_SEARCH_PATHS = (
					"$(inherited)",
					"@executable_path/Frameworks",
					"@loader_path/Frameworks",
				);
				PRODUCT_BUNDLE_IDENTIFIER = com.vanessaflores.IntervalTimerTests;
				PRODUCT_NAME = "$(TARGET_NAME)";
				SWIFT_VERSION = 4.2;
				TARGETED_DEVICE_FAMILY = "1,2";
				TEST_HOST = "$(BUILT_PRODUCTS_DIR)/IntervalTimer.app/IntervalTimer";
			};
			name = Release;
		};
/* End XCBuildConfiguration section */

/* Begin XCConfigurationList section */
		A303133B21EF8A6500AC1987 /* Build configuration list for PBXProject "IntervalTimer" */ = {
			isa = XCConfigurationList;
			buildConfigurations = (
				A303135B21EF8A6600AC1987 /* Debug */,
				A303135C21EF8A6600AC1987 /* Release */,
			);
			defaultConfigurationIsVisible = 0;
			defaultConfigurationName = Release;
		};
		A303135D21EF8A6600AC1987 /* Build configuration list for PBXNativeTarget "IntervalTimer" */ = {
			isa = XCConfigurationList;
			buildConfigurations = (
				A303135E21EF8A6600AC1987 /* Debug */,
				A303135F21EF8A6600AC1987 /* Release */,
			);
			defaultConfigurationIsVisible = 0;
			defaultConfigurationName = Release;
		};
		A303136021EF8A6600AC1987 /* Build configuration list for PBXNativeTarget "IntervalTimerTests" */ = {
			isa = XCConfigurationList;
			buildConfigurations = (
				A303136121EF8A6600AC1987 /* Debug */,
				A303136221EF8A6600AC1987 /* Release */,
			);
			defaultConfigurationIsVisible = 0;
			defaultConfigurationName = Release;
		};
/* End XCConfigurationList section */
	};
	rootObject = A303133821EF8A6500AC1987 /* Project object */;
}
